
Microsoft Visual Studio Solution File, Format Version 12.00
Project("{FAE04EC0-301F-11D3-BF4B-00C04F79EFBC}") = "Testing", "Testing\Testing.csproj", "{FDCB423E-2D0A-4BA2-8A20-6DF0EBE3FB9C}"
EndProject
Global
	GlobalSection(SolutionConfigurationPlatforms) = preSolution
		Debug|Any CPU = Debug|Any CPU
		Release|Any CPU = Release|Any CPU
	EndGlobalSection
	GlobalSection(ProjectConfigurationPlatforms) = postSolution
		{FDCB423E-2D0A-4BA2-8A20-6DF0EBE3FB9C}.Debug|Any CPU.ActiveCfg = Debug|Any CPU
		{FDCB423E-2D0A-4BA2-8A20-6DF0EBE3FB9C}.Debug|Any CPU.Build.0 = Debug|Any CPU
		{FDCB423E-2D0A-4BA2-8A20-6DF0EBE3FB9C}.Release|Any CPU.ActiveCfg = Release|Any CPU
		{FDCB423E-2D0A-4BA2-8A20-6DF0EBE3FB9C}.Release|Any CPU.Build.0 = Release|Any CPU
	EndGlobalSection
EndGlobal
